// !$*UTF8*$!
{
	archiveVersion = 1;
	classes = {
	};
	objectVersion = 51;
	objects = {

/* Begin PBXBuildFile section */
		3768028524873C040034E07F /* ImageCell.swift in Sources */ = {isa = PBXBuildFile; fileRef = 3768028424873C040034E07F /* ImageCell.swift */; };
		37684D3724869C3100EEC982 /* MainViewController.swift in Sources */ = {isa = PBXBuildFile; fileRef = 37684D3624869C3100EEC982 /* MainViewController.swift */; };
		37684D3924869C4400EEC982 /* SearchViewController.swift in Sources */ = {isa = PBXBuildFile; fileRef = 37684D3824869C4400EEC982 /* SearchViewController.swift */; };
		37684D3B24869C4F00EEC982 /* FavoriteViewController.swift in Sources */ = {isa = PBXBuildFile; fileRef = 37684D3A24869C4F00EEC982 /* FavoriteViewController.swift */; };
		37684D3E2486A8BB00EEC982 /* SearchViewModel.swift in Sources */ = {isa = PBXBuildFile; fileRef = 37684D3D2486A8BB00EEC982 /* SearchViewModel.swift */; };
		37684D402486A8C700EEC982 /* FavoriteViewModel.swift in Sources */ = {isa = PBXBuildFile; fileRef = 37684D3F2486A8C700EEC982 /* FavoriteViewModel.swift */; };
		37684D422486AA8500EEC982 /* ImageCellData.swift in Sources */ = {isa = PBXBuildFile; fileRef = 37684D412486AA8500EEC982 /* ImageCellData.swift */; };
		37684D452486ABE100EEC982 /* SearchModel.swift in Sources */ = {isa = PBXBuildFile; fileRef = 37684D442486ABE100EEC982 /* SearchModel.swift */; };
		379318EB24864D1400749580 /* AppDelegate.swift in Sources */ = {isa = PBXBuildFile; fileRef = 379318EA24864D1400749580 /* AppDelegate.swift */; };
		379318F424864D1600749580 /* Assets.xcassets in Resources */ = {isa = PBXBuildFile; fileRef = 379318F324864D1600749580 /* Assets.xcassets */; };
		379318F724864D1600749580 /* LaunchScreen.storyboard in Resources */ = {isa = PBXBuildFile; fileRef = 379318F524864D1600749580 /* LaunchScreen.storyboard */; };
		379319002486510900749580 /* Image.swift in Sources */ = {isa = PBXBuildFile; fileRef = 379318FF2486510900749580 /* Image.swift */; };
		37931902248651D200749580 /* Meta.swift in Sources */ = {isa = PBXBuildFile; fileRef = 37931901248651D200749580 /* Meta.swift */; };
		379319042486525000749580 /* SearchResponse.swift in Sources */ = {isa = PBXBuildFile; fileRef = 379319032486525000749580 /* SearchResponse.swift */; };
		379319082486583F00749580 /* API.swift in Sources */ = {isa = PBXBuildFile; fileRef = 379319072486583F00749580 /* API.swift */; };
		3793190A2486584900749580 /* Router.swift in Sources */ = {isa = PBXBuildFile; fileRef = 379319092486584900749580 /* Router.swift */; };
		3793190D24865B4100749580 /* Constant.swift in Sources */ = {isa = PBXBuildFile; fileRef = 3793190C24865B4100749580 /* Constant.swift */; };
		6A6685FB537DA1EE689BA0C9 /* Pods_ImageSearch_MVVM_Rx.framework in Frameworks */ = {isa = PBXBuildFile; fileRef = 62E15F4945E4939782238D68 /* Pods_ImageSearch_MVVM_Rx.framework */; };
/* End PBXBuildFile section */

/* Begin PBXFileReference section */
		21EE95218E4068CBFE9D6851 /* Pods-ImageSearch_MVVM_Rx.debug.xcconfig */ = {isa = PBXFileReference; includeInIndex = 1; lastKnownFileType = text.xcconfig; name = "Pods-ImageSearch_MVVM_Rx.debug.xcconfig"; path = "Target Support Files/Pods-ImageSearch_MVVM_Rx/Pods-ImageSearch_MVVM_Rx.debug.xcconfig"; sourceTree = "<group>"; };
		3768028424873C040034E07F /* ImageCell.swift */ = {isa = PBXFileReference; lastKnownFileType = sourcecode.swift; path = ImageCell.swift; sourceTree = "<group>"; };
		37684D3624869C3100EEC982 /* MainViewController.swift */ = {isa = PBXFileReference; lastKnownFileType = sourcecode.swift; path = MainViewController.swift; sourceTree = "<group>"; };
		37684D3824869C4400EEC982 /* SearchViewController.swift */ = {isa = PBXFileReference; lastKnownFileType = sourcecode.swift; path = SearchViewController.swift; sourceTree = "<group>"; };
		37684D3A24869C4F00EEC982 /* FavoriteViewController.swift */ = {isa = PBXFileReference; lastKnownFileType = sourcecode.swift; path = FavoriteViewController.swift; sourceTree = "<group>"; };
		37684D3D2486A8BB00EEC982 /* SearchViewModel.swift */ = {isa = PBXFileReference; lastKnownFileType = sourcecode.swift; path = SearchViewModel.swift; sourceTree = "<group>"; };
		37684D3F2486A8C700EEC982 /* FavoriteViewModel.swift */ = {isa = PBXFileReference; lastKnownFileType = sourcecode.swift; path = FavoriteViewModel.swift; sourceTree = "<group>"; };
		37684D412486AA8500EEC982 /* ImageCellData.swift */ = {isa = PBXFileReference; lastKnownFileType = sourcecode.swift; path = ImageCellData.swift; sourceTree = "<group>"; };
		37684D442486ABE100EEC982 /* SearchModel.swift */ = {isa = PBXFileReference; lastKnownFileType = sourcecode.swift; path = SearchModel.swift; sourceTree = "<group>"; };
		379318E724864D1400749580 /* ImageSearch_MVVM_Rx.app */ = {isa = PBXFileReference; explicitFileType = wrapper.application; includeInIndex = 0; path = ImageSearch_MVVM_Rx.app; sourceTree = BUILT_PRODUCTS_DIR; };
		379318EA24864D1400749580 /* AppDelegate.swift */ = {isa = PBXFileReference; lastKnownFileType = sourcecode.swift; path = AppDelegate.swift; sourceTree = "<group>"; };
		379318F324864D1600749580 /* Assets.xcassets */ = {isa = PBXFileReference; lastKnownFileType = folder.assetcatalog; path = Assets.xcassets; sourceTree = "<group>"; };
		379318F624864D1600749580 /* Base */ = {isa = PBXFileReference; lastKnownFileType = file.storyboard; name = Base; path = Base.lproj/LaunchScreen.storyboard; sourceTree = "<group>"; };
		379318F824864D1600749580 /* Info.plist */ = {isa = PBXFileReference; lastKnownFileType = text.plist.xml; path = Info.plist; sourceTree = "<group>"; };
		379318FF2486510900749580 /* Image.swift */ = {isa = PBXFileReference; lastKnownFileType = sourcecode.swift; path = Image.swift; sourceTree = "<group>"; };
		37931901248651D200749580 /* Meta.swift */ = {isa = PBXFileReference; lastKnownFileType = sourcecode.swift; path = Meta.swift; sourceTree = "<group>"; };
		379319032486525000749580 /* SearchResponse.swift */ = {isa = PBXFileReference; lastKnownFileType = sourcecode.swift; path = SearchResponse.swift; sourceTree = "<group>"; };
		379319072486583F00749580 /* API.swift */ = {isa = PBXFileReference; lastKnownFileType = sourcecode.swift; path = API.swift; sourceTree = "<group>"; };
		379319092486584900749580 /* Router.swift */ = {isa = PBXFileReference; lastKnownFileType = sourcecode.swift; path = Router.swift; sourceTree = "<group>"; };
		3793190C24865B4100749580 /* Constant.swift */ = {isa = PBXFileReference; lastKnownFileType = sourcecode.swift; path = Constant.swift; sourceTree = "<group>"; };
		62E15F4945E4939782238D68 /* Pods_ImageSearch_MVVM_Rx.framework */ = {isa = PBXFileReference; explicitFileType = wrapper.framework; includeInIndex = 0; path = Pods_ImageSearch_MVVM_Rx.framework; sourceTree = BUILT_PRODUCTS_DIR; };
		DEA44CB7E60B1B518CD52887 /* Pods-ImageSearch_MVVM_Rx.release.xcconfig */ = {isa = PBXFileReference; includeInIndex = 1; lastKnownFileType = text.xcconfig; name = "Pods-ImageSearch_MVVM_Rx.release.xcconfig"; path = "Target Support Files/Pods-ImageSearch_MVVM_Rx/Pods-ImageSearch_MVVM_Rx.release.xcconfig"; sourceTree = "<group>"; };
/* End PBXFileReference section */

/* Begin PBXFrameworksBuildPhase section */
		379318E424864D1400749580 /* Frameworks */ = {
			isa = PBXFrameworksBuildPhase;
			buildActionMask = 2147483647;
			files = (
				6A6685FB537DA1EE689BA0C9 /* Pods_ImageSearch_MVVM_Rx.framework in Frameworks */,
			);
			runOnlyForDeploymentPostprocessing = 0;
		};
/* End PBXFrameworksBuildPhase section */

/* Begin PBXGroup section */
		2C84C3A2B305722F02F31776 /* Frameworks */ = {
			isa = PBXGroup;
			children = (
				62E15F4945E4939782238D68 /* Pods_ImageSearch_MVVM_Rx.framework */,
			);
			name = Frameworks;
			sourceTree = "<group>";
		};
		37684D3524869C1C00EEC982 /* View */ = {
			isa = PBXGroup;
			children = (
				37684D3624869C3100EEC982 /* MainViewController.swift */,
				37684D3824869C4400EEC982 /* SearchViewController.swift */,
				37684D3A24869C4F00EEC982 /* FavoriteViewController.swift */,
				3768028424873C040034E07F /* ImageCell.swift */,
			);
			path = View;
			sourceTree = "<group>";
		};
		37684D3C2486A8A500EEC982 /* ViewModel */ = {
			isa = PBXGroup;
			children = (
				37684D3D2486A8BB00EEC982 /* SearchViewModel.swift */,
				37684D3F2486A8C700EEC982 /* FavoriteViewModel.swift */,
			);
			path = ViewModel;
			sourceTree = "<group>";
		};
		37684D432486ABA000EEC982 /* Model */ = {
			isa = PBXGroup;
			children = (
				37684D442486ABE100EEC982 /* SearchModel.swift */,
			);
			path = Model;
			sourceTree = "<group>";
		};
		379318DE24864D1400749580 = {
			isa = PBXGroup;
			children = (
				379318E924864D1400749580 /* ImageSearch_MVVM_Rx */,
				379318E824864D1400749580 /* Products */,
				535332AEE029276C7F4D1C61 /* Pods */,
				2C84C3A2B305722F02F31776 /* Frameworks */,
			);
			sourceTree = "<group>";
		};
		379318E824864D1400749580 /* Products */ = {
			isa = PBXGroup;
			children = (
				379318E724864D1400749580 /* ImageSearch_MVVM_Rx.app */,
			);
			name = Products;
			sourceTree = "<group>";
		};
		379318E924864D1400749580 /* ImageSearch_MVVM_Rx */ = {
			isa = PBXGroup;
			children = (
				379318EA24864D1400749580 /* AppDelegate.swift */,
				37684D432486ABA000EEC982 /* Model */,
				37684D3C2486A8A500EEC982 /* ViewModel */,
				37684D3524869C1C00EEC982 /* View */,
				3793190B24865B3200749580 /* Util */,
				379319062486582800749580 /* Network */,
				379318FE248650FC00749580 /* Entity */,
				379318F324864D1600749580 /* Assets.xcassets */,
				379318F524864D1600749580 /* LaunchScreen.storyboard */,
				379318F824864D1600749580 /* Info.plist */,
			);
			path = ImageSearch_MVVM_Rx;
			sourceTree = "<group>";
		};
		379318FE248650FC00749580 /* Entity */ = {
			isa = PBXGroup;
			children = (
				379318FF2486510900749580 /* Image.swift */,
				37931901248651D200749580 /* Meta.swift */,
				379319032486525000749580 /* SearchResponse.swift */,
				37684D412486AA8500EEC982 /* ImageCellData.swift */,
			);
			path = Entity;
			sourceTree = "<group>";
		};
		379319062486582800749580 /* Network */ = {
			isa = PBXGroup;
			children = (
				379319072486583F00749580 /* API.swift */,
				379319092486584900749580 /* Router.swift */,
			);
			path = Network;
			sourceTree = "<group>";
		};
		3793190B24865B3200749580 /* Util */ = {
			isa = PBXGroup;
			children = (
				3793190C24865B4100749580 /* Constant.swift */,
			);
			path = Util;
			sourceTree = "<group>";
		};
		535332AEE029276C7F4D1C61 /* Pods */ = {
			isa = PBXGroup;
			children = (
				21EE95218E4068CBFE9D6851 /* Pods-ImageSearch_MVVM_Rx.debug.xcconfig */,
				DEA44CB7E60B1B518CD52887 /* Pods-ImageSearch_MVVM_Rx.release.xcconfig */,
			);
			path = Pods;
			sourceTree = "<group>";
		};
/* End PBXGroup section */

/* Begin PBXNativeTarget section */
		379318E624864D1400749580 /* ImageSearch_MVVM_Rx */ = {
			isa = PBXNativeTarget;
			buildConfigurationList = 379318FB24864D1600749580 /* Build configuration list for PBXNativeTarget "ImageSearch_MVVM_Rx" */;
			buildPhases = (
				7AF9FCF9A34A943D509AF0C3 /* [CP] Check Pods Manifest.lock */,
				379318E324864D1400749580 /* Sources */,
				379318E424864D1400749580 /* Frameworks */,
				379318E524864D1400749580 /* Resources */,
				F796BBE26734E1A318DE5B80 /* [CP] Embed Pods Frameworks */,
			);
			buildRules = (
			);
			dependencies = (
			);
			name = ImageSearch_MVVM_Rx;
			productName = ImageSearch_MVVM_Rx;
			productReference = 379318E724864D1400749580 /* ImageSearch_MVVM_Rx.app */;
			productType = "com.apple.product-type.application";
		};
/* End PBXNativeTarget section */

/* Begin PBXProject section */
		379318DF24864D1400749580 /* Project object */ = {
			isa = PBXProject;
			attributes = {
				LastSwiftUpdateCheck = 1140;
				LastUpgradeCheck = 1140;
				ORGANIZATIONNAME = "Ham-Dev";
				TargetAttributes = {
					379318E624864D1400749580 = {
						CreatedOnToolsVersion = 11.4;
					};
				};
			};
			buildConfigurationList = 379318E224864D1400749580 /* Build configuration list for PBXProject "ImageSearch_MVVM_Rx" */;
			compatibilityVersion = "Xcode 9.3";
			developmentRegion = en;
			hasScannedForEncodings = 0;
			knownRegions = (
				en,
				Base,
			);
			mainGroup = 379318DE24864D1400749580;
			productRefGroup = 379318E824864D1400749580 /* Products */;
			projectDirPath = "";
			projectRoot = "";
			targets = (
				379318E624864D1400749580 /* ImageSearch_MVVM_Rx */,
			);
		};
/* End PBXProject section */

/* Begin PBXResourcesBuildPhase section */
		379318E524864D1400749580 /* Resources */ = {
			isa = PBXResourcesBuildPhase;
			buildActionMask = 2147483647;
			files = (
				379318F724864D1600749580 /* LaunchScreen.storyboard in Resources */,
				379318F424864D1600749580 /* Assets.xcassets in Resources */,
			);
			runOnlyForDeploymentPostprocessing = 0;
		};
/* End PBXResourcesBuildPhase section */

/* Begin PBXShellScriptBuildPhase section */
		7AF9FCF9A34A943D509AF0C3 /* [CP] Check Pods Manifest.lock */ = {
			isa = PBXShellScriptBuildPhase;
			buildActionMask = 2147483647;
			files = (
			);
			inputFileListPaths = (
			);
			inputPaths = (
				"${PODS_PODFILE_DIR_PATH}/Podfile.lock",
				"${PODS_ROOT}/Manifest.lock",
			);
			name = "[CP] Check Pods Manifest.lock";
			outputFileListPaths = (
			);
			outputPaths = (
				"$(DERIVED_FILE_DIR)/Pods-ImageSearch_MVVM_Rx-checkManifestLockResult.txt",
			);
			runOnlyForDeploymentPostprocessing = 0;
			shellPath = /bin/sh;
			shellScript = "diff \"${PODS_PODFILE_DIR_PATH}/Podfile.lock\" \"${PODS_ROOT}/Manifest.lock\" > /dev/null\nif [ $? != 0 ] ; then\n    # print error to STDERR\n    echo \"error: The sandbox is not in sync with the Podfile.lock. Run 'pod install' or update your CocoaPods installation.\" >&2\n    exit 1\nfi\n# This output is used by Xcode 'outputs' to avoid re-running this script phase.\necho \"SUCCESS\" > \"${SCRIPT_OUTPUT_FILE_0}\"\n";
			showEnvVarsInLog = 0;
		};
		F796BBE26734E1A318DE5B80 /* [CP] Embed Pods Frameworks */ = {
			isa = PBXShellScriptBuildPhase;
			buildActionMask = 2147483647;
			files = (
			);
			inputFileListPaths = (
				"${PODS_ROOT}/Target Support Files/Pods-ImageSearch_MVVM_Rx/Pods-ImageSearch_MVVM_Rx-frameworks-${CONFIGURATION}-input-files.xcfilelist",
			);
			name = "[CP] Embed Pods Frameworks";
			outputFileListPaths = (
				"${PODS_ROOT}/Target Support Files/Pods-ImageSearch_MVVM_Rx/Pods-ImageSearch_MVVM_Rx-frameworks-${CONFIGURATION}-output-files.xcfilelist",
			);
			runOnlyForDeploymentPostprocessing = 0;
			shellPath = /bin/sh;
			shellScript = "\"${PODS_ROOT}/Target Support Files/Pods-ImageSearch_MVVM_Rx/Pods-ImageSearch_MVVM_Rx-frameworks.sh\"\n";
			showEnvVarsInLog = 0;
		};
/* End PBXShellScriptBuildPhase section */

/* Begin PBXSourcesBuildPhase section */
		379318E324864D1400749580 /* Sources */ = {
			isa = PBXSourcesBuildPhase;
			buildActionMask = 2147483647;
			files = (
				37684D422486AA8500EEC982 /* ImageCellData.swift in Sources */,
				37684D3E2486A8BB00EEC982 /* SearchViewModel.swift in Sources */,
				3793190D24865B4100749580 /* Constant.swift in Sources */,
				379319042486525000749580 /* SearchResponse.swift in Sources */,
				379318EB24864D1400749580 /* AppDelegate.swift in Sources */,
				37684D3924869C4400EEC982 /* SearchViewController.swift in Sources */,
				37684D3B24869C4F00EEC982 /* FavoriteViewController.swift in Sources */,
				37684D402486A8C700EEC982 /* FavoriteViewModel.swift in Sources */,
				379319002486510900749580 /* Image.swift in Sources */,
				37931902248651D200749580 /* Meta.swift in Sources */,
				3793190A2486584900749580 /* Router.swift in Sources */,
				37684D452486ABE100EEC982 /* SearchModel.swift in Sources */,
				379319082486583F00749580 /* API.swift in Sources */,
				37684D3724869C3100EEC982 /* MainViewController.swift in Sources */,
				3768028524873C040034E07F /* ImageCell.swift in Sources */,
			);
			runOnlyForDeploymentPostprocessing = 0;
		};
/* End PBXSourcesBuildPhase section */

/* Begin PBXVariantGroup section */
		379318F524864D1600749580 /* LaunchScreen.storyboard */ = {
			isa = PBXVariantGroup;
			children = (
				379318F624864D1600749580 /* Base */,
			);
			name = LaunchScreen.storyboard;
			sourceTree = "<group>";
		};
/* End PBXVariantGroup section */

/* Begin XCBuildConfiguration section */
		379318F924864D1600749580 /* Debug */ = {
			isa = XCBuildConfiguration;
			buildSettings = {
				ALWAYS_SEARCH_USER_PATHS = NO;
				CLANG_ANALYZER_NONNULL = YES;
				CLANG_ANALYZER_NUMBER_OBJECT_CONVERSION = YES_AGGRESSIVE;
				CLANG_CXX_LANGUAGE_STANDARD = "gnu++14";
				CLANG_CXX_LIBRARY = "libc++";
				CLANG_ENABLE_MODULES = YES;
				CLANG_ENABLE_OBJC_ARC = YES;
				CLANG_ENABLE_OBJC_WEAK = YES;
				CLANG_WARN_BLOCK_CAPTURE_AUTORELEASING = YES;
				CLANG_WARN_BOOL_CONVERSION = YES;
				CLANG_WARN_COMMA = YES;
				CLANG_WARN_CONSTANT_CONVERSION = YES;
				CLANG_WARN_DEPRECATED_OBJC_IMPLEMENTATIONS = YES;
				CLANG_WARN_DIRECT_OBJC_ISA_USAGE = YES_ERROR;
				CLANG_WARN_DOCUMENTATION_COMMENTS = YES;
				CLANG_WARN_EMPTY_BODY = YES;
				CLANG_WARN_ENUM_CONVERSION = YES;
				CLANG_WARN_INFINITE_RECURSION = YES;
				CLANG_WARN_INT_CONVERSION = YES;
				CLANG_WARN_NON_LITERAL_NULL_CONVERSION = YES;
				CLANG_WARN_OBJC_IMPLICIT_RETAIN_SELF = YES;
				CLANG_WARN_OBJC_LITERAL_CONVERSION = YES;
				CLANG_WARN_OBJC_ROOT_CLASS = YES_ERROR;
				CLANG_WARN_RANGE_LOOP_ANALYSIS = YES;
				CLANG_WARN_STRICT_PROTOTYPES = YES;
				CLANG_WARN_SUSPICIOUS_MOVE = YES;
				CLANG_WARN_UNGUARDED_AVAILABILITY = YES_AGGRESSIVE;
				CLANG_WARN_UNREACHABLE_CODE = YES;
				CLANG_WARN__DUPLICATE_METHOD_MATCH = YES;
				COPY_PHASE_STRIP = NO;
				DEBUG_INFORMATION_FORMAT = dwarf;
				ENABLE_STRICT_OBJC_MSGSEND = YES;
				ENABLE_TESTABILITY = YES;
				GCC_C_LANGUAGE_STANDARD = gnu11;
				GCC_DYNAMIC_NO_PIC = NO;
				GCC_NO_COMMON_BLOCKS = YES;
				GCC_OPTIMIZATION_LEVEL = 0;
				GCC_PREPROCESSOR_DEFINITIONS = (
					"DEBUG=1",
					"$(inherited)",
				);
				GCC_WARN_64_TO_32_BIT_CONVERSION = YES;
				GCC_WARN_ABOUT_RETURN_TYPE = YES_ERROR;
				GCC_WARN_UNDECLARED_SELECTOR = YES;
				GCC_WARN_UNINITIALIZED_AUTOS = YES_AGGRESSIVE;
				GCC_WARN_UNUSED_FUNCTION = YES;
				GCC_WARN_UNUSED_VARIABLE = YES;
				IPHONEOS_DEPLOYMENT_TARGET = 13.4;
				MTL_ENABLE_DEBUG_INFO = INCLUDE_SOURCE;
				MTL_FAST_MATH = YES;
				ONLY_ACTIVE_ARCH = YES;
				SDKROOT = iphoneos;
				SWIFT_ACTIVE_COMPILATION_CONDITIONS = DEBUG;
				SWIFT_OPTIMIZATION_LEVEL = "-Onone";
			};
			name = Debug;
		};
		379318FA24864D1600749580 /* Release */ = {
			isa = XCBuildConfiguration;
			buildSettings = {
				ALWAYS_SEARCH_USER_PATHS = NO;
				CLANG_ANALYZER_NONNULL = YES;
				CLANG_ANALYZER_NUMBER_OBJECT_CONVERSION = YES_AGGRESSIVE;
				CLANG_CXX_LANGUAGE_STANDARD = "gnu++14";
				CLANG_CXX_LIBRARY = "libc++";
				CLANG_ENABLE_MODULES = YES;
				CLANG_ENABLE_OBJC_ARC = YES;
				CLANG_ENABLE_OBJC_WEAK = YES;
				CLANG_WARN_BLOCK_CAPTURE_AUTORELEASING = YES;
				CLANG_WARN_BOOL_CONVERSION = YES;
				CLANG_WARN_COMMA = YES;
				CLANG_WARN_CONSTANT_CONVERSION = YES;
				CLANG_WARN_DEPRECATED_OBJC_IMPLEMENTATIONS = YES;
				CLANG_WARN_DIRECT_OBJC_ISA_USAGE = YES_ERROR;
				CLANG_WARN_DOCUMENTATION_COMMENTS = YES;
				CLANG_WARN_EMPTY_BODY = YES;
				CLANG_WARN_ENUM_CONVERSION = YES;
				CLANG_WARN_INFINITE_RECURSION = YES;
				CLANG_WARN_INT_CONVERSION = YES;
				CLANG_WARN_NON_LITERAL_NULL_CONVERSION = YES;
				CLANG_WARN_OBJC_IMPLICIT_RETAIN_SELF = YES;
				CLANG_WARN_OBJC_LITERAL_CONVERSION = YES;
				CLANG_WARN_OBJC_ROOT_CLASS = YES_ERROR;
				CLANG_WARN_RANGE_LOOP_ANALYSIS = YES;
				CLANG_WARN_STRICT_PROTOTYPES = YES;
				CLANG_WARN_SUSPICIOUS_MOVE = YES;
				CLANG_WARN_UNGUARDED_AVAILABILITY = YES_AGGRESSIVE;
				CLANG_WARN_UNREACHABLE_CODE = YES;
				CLANG_WARN__DUPLICATE_METHOD_MATCH = YES;
				COPY_PHASE_STRIP = NO;
				DEBUG_INFORMATION_FORMAT = "dwarf-with-dsym";
				ENABLE_NS_ASSERTIONS = NO;
				ENABLE_STRICT_OBJC_MSGSEND = YES;
				GCC_C_LANGUAGE_STANDARD = gnu11;
				GCC_NO_COMMON_BLOCKS = YES;
				GCC_WARN_64_TO_32_BIT_CONVERSION = YES;
				GCC_WARN_ABOUT_RETURN_TYPE = YES_ERROR;
				GCC_WARN_UNDECLARED_SELECTOR = YES;
				GCC_WARN_UNINITIALIZED_AUTOS = YES_AGGRESSIVE;
				GCC_WARN_UNUSED_FUNCTION = YES;
				GCC_WARN_UNUSED_VARIABLE = YES;
				IPHONEOS_DEPLOYMENT_TARGET = 13.4;
				MTL_ENABLE_DEBUG_INFO = NO;
				MTL_FAST_MATH = YES;
				SDKROOT = iphoneos;
				SWIFT_COMPILATION_MODE = wholemodule;
				SWIFT_OPTIMIZATION_LEVEL = "-O";
				VALIDATE_PRODUCT = YES;
			};
			name = Release;
		};
		379318FC24864D1600749580 /* Debug */ = {
			isa = XCBuildConfiguration;
			baseConfigurationReference = 21EE95218E4068CBFE9D6851 /* Pods-ImageSearch_MVVM_Rx.debug.xcconfig */;
			buildSettings = {
				ASSETCATALOG_COMPILER_APPICON_NAME = AppIcon;
				CODE_SIGN_STYLE = Automatic;
				DEVELOPMENT_TEAM = T6DB2VB7L7;
				INFOPLIST_FILE = ImageSearch_MVVM_Rx/Info.plist;
				LD_RUNPATH_SEARCH_PATHS = (
					"$(inherited)",
					"@executable_path/Frameworks",
				);
				PRODUCT_BUNDLE_IDENTIFIER = "self.Hyoung.Ham.ImageSearch-MVVM-Rx";
				PRODUCT_NAME = "$(TARGET_NAME)";
				SWIFT_VERSION = 5.0;
				TARGETED_DEVICE_FAMILY = "1,2";
			};
			name = Debug;
		};
		379318FD24864D1600749580 /* Release */ = {
			isa = XCBuildConfiguration;
			baseConfigurationReference = DEA44CB7E60B1B518CD52887 /* Pods-ImageSearch_MVVM_Rx.release.xcconfig */;
			buildSettings = {
				ASSETCATALOG_COMPILER_APPICON_NAME = AppIcon;
				CODE_SIGN_STYLE = Automatic;
				DEVELOPMENT_TEAM = T6DB2VB7L7;
				INFOPLIST_FILE = ImageSearch_MVVM_Rx/Info.plist;
				LD_RUNPATH_SEARCH_PATHS = (
					"$(inherited)",
					"@executable_path/Frameworks",
				);
				PRODUCT_BUNDLE_IDENTIFIER = "self.Hyoung.Ham.ImageSearch-MVVM-Rx";
				PRODUCT_NAME = "$(TARGET_NAME)";
				SWIFT_VERSION = 5.0;
				TARGETED_DEVICE_FAMILY = "1,2";
			};
			name = Release;
		};
/* End XCBuildConfiguration section */

/* Begin XCConfigurationList section */
		379318E224864D1400749580 /* Build configuration list for PBXProject "ImageSearch_MVVM_Rx" */ = {
			isa = XCConfigurationList;
			buildConfigurations = (
				379318F924864D1600749580 /* Debug */,
				379318FA24864D1600749580 /* Release */,
			);
			defaultConfigurationIsVisible = 0;
			defaultConfigurationName = Release;
		};
		379318FB24864D1600749580 /* Build configuration list for PBXNativeTarget "ImageSearch_MVVM_Rx" */ = {
			isa = XCConfigurationList;
			buildConfigurations = (
				379318FC24864D1600749580 /* Debug */,
				379318FD24864D1600749580 /* Release */,
			);
			defaultConfigurationIsVisible = 0;
			defaultConfigurationName = Release;
		};
/* End XCConfigurationList section */
	};
	rootObject = 379318DF24864D1400749580 /* Project object */;
}
